
Microsoft Visual Studio Solution File, Format Version 12.00
# Visual Studio Version 16
VisualStudioVersion = 16.0.30413.136
MinimumVisualStudioVersion = 10.0.40219.1
Project("{9A19103F-16F7-4668-BE54-9A1E7A4F7556}") = "Bodoconsult.Core.ExpressionBuilder", "Bodoconsult.Core.ExpressionBuilder\Bodoconsult.Core.ExpressionBuilder.csproj", "{1DFFB3FB-B978-40CA-B48D-D1F5FC25CCE6}"
EndProject
Project("{9A19103F-16F7-4668-BE54-9A1E7A4F7556}") = "Bodoconsult.Core.ExpressionBuilder.Test", "Bodoconsult.Core.ExpressionBuilder.Test\Bodoconsult.Core.ExpressionBuilder.Test.csproj", "{5C872C23-DC62-468F-8145-2DAB3D431F2A}"
EndProject
Project("{9A19103F-16F7-4668-BE54-9A1E7A4F7556}") = "Bodoconsult.Core.ExpressionBuilder.WinForms", "Bodoconsult.Core.ExpressionBuilder.WinForms\Bodoconsult.Core.ExpressionBuilder.WinForms.csproj", "{F586B893-794E-455B-926D-BD81FB04B763}"
EndProject
Global
	GlobalSection(SolutionConfigurationPlatforms) = preSolution
		Debug|Any CPU = Debug|Any CPU
		Release|Any CPU = Release|Any CPU
	EndGlobalSection
	GlobalSection(ProjectConfigurationPlatforms) = postSolution
		{1DFFB3FB-B978-40CA-B48D-D1F5FC25CCE6}.Debug|Any CPU.ActiveCfg = Debug|Any CPU
		{1DFFB3FB-B978-40CA-B48D-D1F5FC25CCE6}.Debug|Any CPU.Build.0 = Debug|Any CPU
		{1DFFB3FB-B978-40CA-B48D-D1F5FC25CCE6}.Release|Any CPU.ActiveCfg = Release|Any CPU
		{1DFFB3FB-B978-40CA-B48D-D1F5FC25CCE6}.Release|Any CPU.Build.0 = Release|Any CPU
		{5C872C23-DC62-468F-8145-2DAB3D431F2A}.Debug|Any CPU.ActiveCfg = Debug|Any CPU
		{5C872C23-DC62-468F-8145-2DAB3D431F2A}.Debug|Any CPU.Build.0 = Debug|Any CPU
		{5C872C23-DC62-468F-8145-2DAB3D431F2A}.Release|Any CPU.ActiveCfg = Release|Any CPU
		{5C872C23-DC62-468F-8145-2DAB3D431F2A}.Release|Any CPU.Build.0 = Release|Any CPU
		{F586B893-794E-455B-926D-BD81FB04B763}.Debug|Any CPU.ActiveCfg = Debug|Any CPU
		{F586B893-794E-455B-926D-BD81FB04B763}.Debug|Any CPU.Build.0 = Debug|Any CPU
		{F586B893-794E-455B-926D-BD81FB04B763}.Release|Any CPU.ActiveCfg = Release|Any CPU
		{F586B893-794E-455B-926D-BD81FB04B763}.Release|Any CPU.Build.0 = Release|Any CPU
	EndGlobalSection
	GlobalSection(SolutionProperties) = preSolution
		HideSolutionNode = FALSE
	EndGlobalSection
	GlobalSection(ExtensibilityGlobals) = postSolution
		SolutionGuid = {3D0F8113-D1DF-490E-B0D5-1995C23942F2}
	EndGlobalSection
EndGlobal
